
Microsoft Visual Studio Solution File, Format Version 12.00
# Visual Studio Version 17
VisualStudioVersion = 17.10.35004.147
MinimumVisualStudioVersion = 10.0.40219.1
Project("{F184B08F-C81C-45F6-A57F-5ABD9991F28F}") = "FormApp", "FormApp\FormApp.vbproj", "{48A324D2-A51D-4C71-A25E-F1AD47350115}"
EndProject
Global
	GlobalSection(SolutionConfigurationPlatforms) = preSolution
		Debug|Any CPU = Debug|Any CPU
		Release|Any CPU = Release|Any CPU
	EndGlobalSection
	GlobalSection(ProjectConfigurationPlatforms) = postSolution
		{48A324D2-A51D-4C71-A25E-F1AD47350115}.Debug|Any CPU.ActiveCfg = Debug|Any CPU
		{48A324D2-A51D-4C71-A25E-F1AD47350115}.Debug|Any CPU.Build.0 = Debug|Any CPU
		{48A324D2-A51D-4C71-A25E-F1AD47350115}.Release|Any CPU.ActiveCfg = Release|Any CPU
		{48A324D2-A51D-4C71-A25E-F1AD47350115}.Release|Any CPU.Build.0 = Release|Any CPU
	EndGlobalSection
	GlobalSection(SolutionProperties) = preSolution
		HideSolutionNode = FALSE
	EndGlobalSection
	GlobalSection(ExtensibilityGlobals) = postSolution
		SolutionGuid = {DEC85C20-E323-41C5-8977-79AAF7453D41}
	EndGlobalSection
EndGlobal
